// !$*UTF8*$!
{
	archiveVersion = 1;
	classes = {
	};
	objectVersion = 50;
	objects = {

/* Begin PBXBuildFile section */
		AB1B015123C9B7BD00CF4A0E /* AppDelegate.swift in Sources */ = {isa = PBXBuildFile; fileRef = AB1B015023C9B7BD00CF4A0E /* AppDelegate.swift */; };
		AB1B015323C9B7BD00CF4A0E /* SceneDelegate.swift in Sources */ = {isa = PBXBuildFile; fileRef = AB1B015223C9B7BD00CF4A0E /* SceneDelegate.swift */; };
		AB1B015523C9B7BD00CF4A0E /* ContentView.swift in Sources */ = {isa = PBXBuildFile; fileRef = AB1B015423C9B7BD00CF4A0E /* ContentView.swift */; };
		AB1B015723C9B7BF00CF4A0E /* Assets.xcassets in Resources */ = {isa = PBXBuildFile; fileRef = AB1B015623C9B7BF00CF4A0E /* Assets.xcassets */; };
		AB1B015A23C9B7BF00CF4A0E /* Preview Assets.xcassets in Resources */ = {isa = PBXBuildFile; fileRef = AB1B015923C9B7BF00CF4A0E /* Preview Assets.xcassets */; };
		AB1B015D23C9B7BF00CF4A0E /* LaunchScreen.storyboard in Resources */ = {isa = PBXBuildFile; fileRef = AB1B015B23C9B7BF00CF4A0E /* LaunchScreen.storyboard */; };
		AB1B016523C9B98B00CF4A0E /* TitleText.swift in Sources */ = {isa = PBXBuildFile; fileRef = AB1B016423C9B98B00CF4A0E /* TitleText.swift */; };
		AB1B016723C9BA5100CF4A0E /* SubtitleText.swift in Sources */ = {isa = PBXBuildFile; fileRef = AB1B016623C9BA5100CF4A0E /* SubtitleText.swift */; };
		AB1B016923C9BAA100CF4A0E /* BannerText.swift in Sources */ = {isa = PBXBuildFile; fileRef = AB1B016823C9BAA100CF4A0E /* BannerText.swift */; };
		AB1B016B23C9BC7600CF4A0E /* MovingViewAnimation.swift in Sources */ = {isa = PBXBuildFile; fileRef = AB1B016A23C9BC7600CF4A0E /* MovingViewAnimation.swift */; };
		AB1B016D23C9C06D00CF4A0E /* AnimationCurvesSideBySide.swift in Sources */ = {isa = PBXBuildFile; fileRef = AB1B016C23C9C06D00CF4A0E /* AnimationCurvesSideBySide.swift */; };
		AB1B016F23C9C96400CF4A0E /* TextAndAnimatingCircleView.swift in Sources */ = {isa = PBXBuildFile; fileRef = AB1B016E23C9C96400CF4A0E /* TextAndAnimatingCircleView.swift */; };
		AB1B017123C9CCE300CF4A0E /* DiagonalMovingAnimation.swift in Sources */ = {isa = PBXBuildFile; fileRef = AB1B017023C9CCE300CF4A0E /* DiagonalMovingAnimation.swift */; };
/* End PBXBuildFile section */

/* Begin PBXFileReference section */
		AB1B014D23C9B7BD00CF4A0E /* SwiftUIAnimationsBasics.app */ = {isa = PBXFileReference; explicitFileType = wrapper.application; includeInIndex = 0; path = SwiftUIAnimationsBasics.app; sourceTree = BUILT_PRODUCTS_DIR; };
		AB1B015023C9B7BD00CF4A0E /* AppDelegate.swift */ = {isa = PBXFileReference; lastKnownFileType = sourcecode.swift; path = AppDelegate.swift; sourceTree = "<group>"; };
		AB1B015223C9B7BD00CF4A0E /* SceneDelegate.swift */ = {isa = PBXFileReference; lastKnownFileType = sourcecode.swift; path = SceneDelegate.swift; sourceTree = "<group>"; };
		AB1B015423C9B7BD00CF4A0E /* ContentView.swift */ = {isa = PBXFileReference; lastKnownFileType = sourcecode.swift; path = ContentView.swift; sourceTree = "<group>"; };
		AB1B015623C9B7BF00CF4A0E /* Assets.xcassets */ = {isa = PBXFileReference; lastKnownFileType = folder.assetcatalog; path = Assets.xcassets; sourceTree = "<group>"; };
		AB1B015923C9B7BF00CF4A0E /* Preview Assets.xcassets */ = {isa = PBXFileReference; lastKnownFileType = folder.assetcatalog; path = "Preview Assets.xcassets"; sourceTree = "<group>"; };
		AB1B015C23C9B7BF00CF4A0E /* Base */ = {isa = PBXFileReference; lastKnownFileType = file.storyboard; name = Base; path = Base.lproj/LaunchScreen.storyboard; sourceTree = "<group>"; };
		AB1B015E23C9B7BF00CF4A0E /* Info.plist */ = {isa = PBXFileReference; lastKnownFileType = text.plist.xml; path = Info.plist; sourceTree = "<group>"; };
		AB1B016423C9B98B00CF4A0E /* TitleText.swift */ = {isa = PBXFileReference; lastKnownFileType = sourcecode.swift; path = TitleText.swift; sourceTree = "<group>"; };
		AB1B016623C9BA5100CF4A0E /* SubtitleText.swift */ = {isa = PBXFileReference; lastKnownFileType = sourcecode.swift; path = SubtitleText.swift; sourceTree = "<group>"; };
		AB1B016823C9BAA100CF4A0E /* BannerText.swift */ = {isa = PBXFileReference; lastKnownFileType = sourcecode.swift; path = BannerText.swift; sourceTree = "<group>"; };
		AB1B016A23C9BC7600CF4A0E /* MovingViewAnimation.swift */ = {isa = PBXFileReference; lastKnownFileType = sourcecode.swift; path = MovingViewAnimation.swift; sourceTree = "<group>"; };
		AB1B016C23C9C06D00CF4A0E /* AnimationCurvesSideBySide.swift */ = {isa = PBXFileReference; lastKnownFileType = sourcecode.swift; path = AnimationCurvesSideBySide.swift; sourceTree = "<group>"; };
		AB1B016E23C9C96400CF4A0E /* TextAndAnimatingCircleView.swift */ = {isa = PBXFileReference; lastKnownFileType = sourcecode.swift; path = TextAndAnimatingCircleView.swift; sourceTree = "<group>"; };
		AB1B017023C9CCE300CF4A0E /* DiagonalMovingAnimation.swift */ = {isa = PBXFileReference; lastKnownFileType = sourcecode.swift; path = DiagonalMovingAnimation.swift; sourceTree = "<group>"; };
/* End PBXFileReference section */

/* Begin PBXFrameworksBuildPhase section */
		AB1B014A23C9B7BD00CF4A0E /* Frameworks */ = {
			isa = PBXFrameworksBuildPhase;
			buildActionMask = 2147483647;
			files = (
			);
			runOnlyForDeploymentPostprocessing = 0;
		};
/* End PBXFrameworksBuildPhase section */

/* Begin PBXGroup section */
		AB1B014423C9B7BD00CF4A0E = {
			isa = PBXGroup;
			children = (
				AB1B014F23C9B7BD00CF4A0E /* SwiftUIAnimationsBasics */,
				AB1B014E23C9B7BD00CF4A0E /* Products */,
			);
			sourceTree = "<group>";
		};
		AB1B014E23C9B7BD00CF4A0E /* Products */ = {
			isa = PBXGroup;
			children = (
				AB1B014D23C9B7BD00CF4A0E /* SwiftUIAnimationsBasics.app */,
			);
			name = Products;
			sourceTree = "<group>";
		};
		AB1B014F23C9B7BD00CF4A0E /* SwiftUIAnimationsBasics */ = {
			isa = PBXGroup;
			children = (
				AB1B015023C9B7BD00CF4A0E /* AppDelegate.swift */,
				AB1B015223C9B7BD00CF4A0E /* SceneDelegate.swift */,
				AB1B015423C9B7BD00CF4A0E /* ContentView.swift */,
				AB1B016A23C9BC7600CF4A0E /* MovingViewAnimation.swift */,
				AB1B017023C9CCE300CF4A0E /* DiagonalMovingAnimation.swift */,
				AB1B016C23C9C06D00CF4A0E /* AnimationCurvesSideBySide.swift */,
				AB1B016E23C9C96400CF4A0E /* TextAndAnimatingCircleView.swift */,
				AB1B016423C9B98B00CF4A0E /* TitleText.swift */,
				AB1B016623C9BA5100CF4A0E /* SubtitleText.swift */,
				AB1B016823C9BAA100CF4A0E /* BannerText.swift */,
				AB1B015623C9B7BF00CF4A0E /* Assets.xcassets */,
				AB1B015B23C9B7BF00CF4A0E /* LaunchScreen.storyboard */,
				AB1B015E23C9B7BF00CF4A0E /* Info.plist */,
				AB1B015823C9B7BF00CF4A0E /* Preview Content */,
			);
			path = SwiftUIAnimationsBasics;
			sourceTree = "<group>";
		};
		AB1B015823C9B7BF00CF4A0E /* Preview Content */ = {
			isa = PBXGroup;
			children = (
				AB1B015923C9B7BF00CF4A0E /* Preview Assets.xcassets */,
			);
			path = "Preview Content";
			sourceTree = "<group>";
		};
/* End PBXGroup section */

/* Begin PBXNativeTarget section */
		AB1B014C23C9B7BD00CF4A0E /* SwiftUIAnimationsBasics */ = {
			isa = PBXNativeTarget;
			buildConfigurationList = AB1B016123C9B7BF00CF4A0E /* Build configuration list for PBXNativeTarget "SwiftUIAnimationsBasics" */;
			buildPhases = (
				AB1B014923C9B7BD00CF4A0E /* Sources */,
				AB1B014A23C9B7BD00CF4A0E /* Frameworks */,
				AB1B014B23C9B7BD00CF4A0E /* Resources */,
			);
			buildRules = (
			);
			dependencies = (
			);
			name = SwiftUIAnimationsBasics;
			productName = SwiftUIAnimationsBasics;
			productReference = AB1B014D23C9B7BD00CF4A0E /* SwiftUIAnimationsBasics.app */;
			productType = "com.apple.product-type.application";
		};
/* End PBXNativeTarget section */

/* Begin PBXProject section */
		AB1B014523C9B7BD00CF4A0E /* Project object */ = {
			isa = PBXProject;
			attributes = {
				LastSwiftUpdateCheck = 1130;
				LastUpgradeCheck = 1130;
				ORGANIZATIONNAME = amir;
				TargetAttributes = {
					AB1B014C23C9B7BD00CF4A0E = {
						CreatedOnToolsVersion = 11.3;
					};
				};
			};
			buildConfigurationList = AB1B014823C9B7BD00CF4A0E /* Build configuration list for PBXProject "SwiftUIAnimationsBasics" */;
			compatibilityVersion = "Xcode 9.3";
			developmentRegion = en;
			hasScannedForEncodings = 0;
			knownRegions = (
				en,
				Base,
			);
			mainGroup = AB1B014423C9B7BD00CF4A0E;
			productRefGroup = AB1B014E23C9B7BD00CF4A0E /* Products */;
			projectDirPath = "";
			projectRoot = "";
			targets = (
				AB1B014C23C9B7BD00CF4A0E /* SwiftUIAnimationsBasics */,
			);
		};
/* End PBXProject section */

/* Begin PBXResourcesBuildPhase section */
		AB1B014B23C9B7BD00CF4A0E /* Resources */ = {
			isa = PBXResourcesBuildPhase;
			buildActionMask = 2147483647;
			files = (
				AB1B015D23C9B7BF00CF4A0E /* LaunchScreen.storyboard in Resources */,
				AB1B015A23C9B7BF00CF4A0E /* Preview Assets.xcassets in Resources */,
				AB1B015723C9B7BF00CF4A0E /* Assets.xcassets in Resources */,
			);
			runOnlyForDeploymentPostprocessing = 0;
		};
/* End PBXResourcesBuildPhase section */

/* Begin PBXSourcesBuildPhase section */
		AB1B014923C9B7BD00CF4A0E /* Sources */ = {
			isa = PBXSourcesBuildPhase;
			buildActionMask = 2147483647;
			files = (
				AB1B016923C9BAA100CF4A0E /* BannerText.swift in Sources */,
				AB1B017123C9CCE300CF4A0E /* DiagonalMovingAnimation.swift in Sources */,
				AB1B016723C9BA5100CF4A0E /* SubtitleText.swift in Sources */,
				AB1B015123C9B7BD00CF4A0E /* AppDelegate.swift in Sources */,
				AB1B016F23C9C96400CF4A0E /* TextAndAnimatingCircleView.swift in Sources */,
				AB1B016B23C9BC7600CF4A0E /* MovingViewAnimation.swift in Sources */,
				AB1B016523C9B98B00CF4A0E /* TitleText.swift in Sources */,
				AB1B015323C9B7BD00CF4A0E /* SceneDelegate.swift in Sources */,
				AB1B015523C9B7BD00CF4A0E /* ContentView.swift in Sources */,
				AB1B016D23C9C06D00CF4A0E /* AnimationCurvesSideBySide.swift in Sources */,
			);
			runOnlyForDeploymentPostprocessing = 0;
		};
/* End PBXSourcesBuildPhase section */

/* Begin PBXVariantGroup section */
		AB1B015B23C9B7BF00CF4A0E /* LaunchScreen.storyboard */ = {
			isa = PBXVariantGroup;
			children = (
				AB1B015C23C9B7BF00CF4A0E /* Base */,
			);
			name = LaunchScreen.storyboard;
			sourceTree = "<group>";
		};
/* End PBXVariantGroup section */

/* Begin XCBuildConfiguration section */
		AB1B015F23C9B7BF00CF4A0E /* Debug */ = {
			isa = XCBuildConfiguration;
			buildSettings = {
				ALWAYS_SEARCH_USER_PATHS = NO;
				CLANG_ANALYZER_NONNULL = YES;
				CLANG_ANALYZER_NUMBER_OBJECT_CONVERSION = YES_AGGRESSIVE;
				CLANG_CXX_LANGUAGE_STANDARD = "gnu++14";
				CLANG_CXX_LIBRARY = "libc++";
				CLANG_ENABLE_MODULES = YES;
				CLANG_ENABLE_OBJC_ARC = YES;
				CLANG_ENABLE_OBJC_WEAK = YES;
				CLANG_WARN_BLOCK_CAPTURE_AUTORELEASING = YES;
				CLANG_WARN_BOOL_CONVERSION = YES;
				CLANG_WARN_COMMA = YES;
				CLANG_WARN_CONSTANT_CONVERSION = YES;
				CLANG_WARN_DEPRECATED_OBJC_IMPLEMENTATIONS = YES;
				CLANG_WARN_DIRECT_OBJC_ISA_USAGE = YES_ERROR;
				CLANG_WARN_DOCUMENTATION_COMMENTS = YES;
				CLANG_WARN_EMPTY_BODY = YES;
				CLANG_WARN_ENUM_CONVERSION = YES;
				CLANG_WARN_INFINITE_RECURSION = YES;
				CLANG_WARN_INT_CONVERSION = YES;
				CLANG_WARN_NON_LITERAL_NULL_CONVERSION = YES;
				CLANG_WARN_OBJC_IMPLICIT_RETAIN_SELF = YES;
				CLANG_WARN_OBJC_LITERAL_CONVERSION = YES;
				CLANG_WARN_OBJC_ROOT_CLASS = YES_ERROR;
				CLANG_WARN_RANGE_LOOP_ANALYSIS = YES;
				CLANG_WARN_STRICT_PROTOTYPES = YES;
				CLANG_WARN_SUSPICIOUS_MOVE = YES;
				CLANG_WARN_UNGUARDED_AVAILABILITY = YES_AGGRESSIVE;
				CLANG_WARN_UNREACHABLE_CODE = YES;
				CLANG_WARN__DUPLICATE_METHOD_MATCH = YES;
				COPY_PHASE_STRIP = NO;
				DEBUG_INFORMATION_FORMAT = dwarf;
				ENABLE_STRICT_OBJC_MSGSEND = YES;
				ENABLE_TESTABILITY = YES;
				GCC_C_LANGUAGE_STANDARD = gnu11;
				GCC_DYNAMIC_NO_PIC = NO;
				GCC_NO_COMMON_BLOCKS = YES;
				GCC_OPTIMIZATION_LEVEL = 0;
				GCC_PREPROCESSOR_DEFINITIONS = (
					"DEBUG=1",
					"$(inherited)",
				);
				GCC_WARN_64_TO_32_BIT_CONVERSION = YES;
				GCC_WARN_ABOUT_RETURN_TYPE = YES_ERROR;
				GCC_WARN_UNDECLARED_SELECTOR = YES;
				GCC_WARN_UNINITIALIZED_AUTOS = YES_AGGRESSIVE;
				GCC_WARN_UNUSED_FUNCTION = YES;
				GCC_WARN_UNUSED_VARIABLE = YES;
				IPHONEOS_DEPLOYMENT_TARGET = 13.2;
				MTL_ENABLE_DEBUG_INFO = INCLUDE_SOURCE;
				MTL_FAST_MATH = YES;
				ONLY_ACTIVE_ARCH = YES;
				SDKROOT = iphoneos;
				SWIFT_ACTIVE_COMPILATION_CONDITIONS = DEBUG;
				SWIFT_OPTIMIZATION_LEVEL = "-Onone";
			};
			name = Debug;
		};
		AB1B016023C9B7BF00CF4A0E /* Release */ = {
			isa = XCBuildConfiguration;
			buildSettings = {
				ALWAYS_SEARCH_USER_PATHS = NO;
				CLANG_ANALYZER_NONNULL = YES;
				CLANG_ANALYZER_NUMBER_OBJECT_CONVERSION = YES_AGGRESSIVE;
				CLANG_CXX_LANGUAGE_STANDARD = "gnu++14";
				CLANG_CXX_LIBRARY = "libc++";
				CLANG_ENABLE_MODULES = YES;
				CLANG_ENABLE_OBJC_ARC = YES;
				CLANG_ENABLE_OBJC_WEAK = YES;
				CLANG_WARN_BLOCK_CAPTURE_AUTORELEASING = YES;
				CLANG_WARN_BOOL_CONVERSION = YES;
				CLANG_WARN_COMMA = YES;
				CLANG_WARN_CONSTANT_CONVERSION = YES;
				CLANG_WARN_DEPRECATED_OBJC_IMPLEMENTATIONS = YES;
				CLANG_WARN_DIRECT_OBJC_ISA_USAGE = YES_ERROR;
				CLANG_WARN_DOCUMENTATION_COMMENTS = YES;
				CLANG_WARN_EMPTY_BODY = YES;
				CLANG_WARN_ENUM_CONVERSION = YES;
				CLANG_WARN_INFINITE_RECURSION = YES;
				CLANG_WARN_INT_CONVERSION = YES;
				CLANG_WARN_NON_LITERAL_NULL_CONVERSION = YES;
				CLANG_WARN_OBJC_IMPLICIT_RETAIN_SELF = YES;
				CLANG_WARN_OBJC_LITERAL_CONVERSION = YES;
				CLANG_WARN_OBJC_ROOT_CLASS = YES_ERROR;
				CLANG_WARN_RANGE_LOOP_ANALYSIS = YES;
				CLANG_WARN_STRICT_PROTOTYPES = YES;
				CLANG_WARN_SUSPICIOUS_MOVE = YES;
				CLANG_WARN_UNGUARDED_AVAILABILITY = YES_AGGRESSIVE;
				CLANG_WARN_UNREACHABLE_CODE = YES;
				CLANG_WARN__DUPLICATE_METHOD_MATCH = YES;
				COPY_PHASE_STRIP = NO;
				DEBUG_INFORMATION_FORMAT = "dwarf-with-dsym";
				ENABLE_NS_ASSERTIONS = NO;
				ENABLE_STRICT_OBJC_MSGSEND = YES;
				GCC_C_LANGUAGE_STANDARD = gnu11;
				GCC_NO_COMMON_BLOCKS = YES;
				GCC_WARN_64_TO_32_BIT_CONVERSION = YES;
				GCC_WARN_ABOUT_RETURN_TYPE = YES_ERROR;
				GCC_WARN_UNDECLARED_SELECTOR = YES;
				GCC_WARN_UNINITIALIZED_AUTOS = YES_AGGRESSIVE;
				GCC_WARN_UNUSED_FUNCTION = YES;
				GCC_WARN_UNUSED_VARIABLE = YES;
				IPHONEOS_DEPLOYMENT_TARGET = 13.2;
				MTL_ENABLE_DEBUG_INFO = NO;
				MTL_FAST_MATH = YES;
				SDKROOT = iphoneos;
				SWIFT_COMPILATION_MODE = wholemodule;
				SWIFT_OPTIMIZATION_LEVEL = "-O";
				VALIDATE_PRODUCT = YES;
			};
			name = Release;
		};
		AB1B016223C9B7BF00CF4A0E /* Debug */ = {
			isa = XCBuildConfiguration;
			buildSettings = {
				ASSETCATALOG_COMPILER_APPICON_NAME = AppIcon;
				CODE_SIGN_STYLE = Automatic;
				DEVELOPMENT_ASSET_PATHS = "\"SwiftUIAnimationsBasics/Preview Content\"";
				DEVELOPMENT_TEAM = 6MA2KXXMWD;
				ENABLE_PREVIEWS = YES;
				INFOPLIST_FILE = SwiftUIAnimationsBasics/Info.plist;
				LD_RUNPATH_SEARCH_PATHS = (
					"$(inherited)",
					"@executable_path/Frameworks",
				);
				PRODUCT_BUNDLE_IDENTIFIER = com.amir.SwiftUIAnimationsBasics;
				PRODUCT_NAME = "$(TARGET_NAME)";
				SWIFT_VERSION = 5.0;
				TARGETED_DEVICE_FAMILY = "1,2";
			};
			name = Debug;
		};
		AB1B016323C9B7BF00CF4A0E /* Release */ = {
			isa = XCBuildConfiguration;
			buildSettings = {
				ASSETCATALOG_COMPILER_APPICON_NAME = AppIcon;
				CODE_SIGN_STYLE = Automatic;
				DEVELOPMENT_ASSET_PATHS = "\"SwiftUIAnimationsBasics/Preview Content\"";
				DEVELOPMENT_TEAM = 6MA2KXXMWD;
				ENABLE_PREVIEWS = YES;
				INFOPLIST_FILE = SwiftUIAnimationsBasics/Info.plist;
				LD_RUNPATH_SEARCH_PATHS = (
					"$(inherited)",
					"@executable_path/Frameworks",
				);
				PRODUCT_BUNDLE_IDENTIFIER = com.amir.SwiftUIAnimationsBasics;
				PRODUCT_NAME = "$(TARGET_NAME)";
				SWIFT_VERSION = 5.0;
				TARGETED_DEVICE_FAMILY = "1,2";
			};
			name = Release;
		};
/* End XCBuildConfiguration section */

/* Begin XCConfigurationList section */
		AB1B014823C9B7BD00CF4A0E /* Build configuration list for PBXProject "SwiftUIAnimationsBasics" */ = {
			isa = XCConfigurationList;
			buildConfigurations = (
				AB1B015F23C9B7BF00CF4A0E /* Debug */,
				AB1B016023C9B7BF00CF4A0E /* Release */,
			);
			defaultConfigurationIsVisible = 0;
			defaultConfigurationName = Release;
		};
		AB1B016123C9B7BF00CF4A0E /* Build configuration list for PBXNativeTarget "SwiftUIAnimationsBasics" */ = {
			isa = XCConfigurationList;
			buildConfigurations = (
				AB1B016223C9B7BF00CF4A0E /* Debug */,
				AB1B016323C9B7BF00CF4A0E /* Release */,
			);
			defaultConfigurationIsVisible = 0;
			defaultConfigurationName = Release;
		};
/* End XCConfigurationList section */
	};
	rootObject = AB1B014523C9B7BD00CF4A0E /* Project object */;
}
